{
  "originHash" : "1ef2b0617f1bd6f01a416b94b230eabcd4fa6960bbc476ab654f2c04d9fdb1d0",
  "pins" : [
    {
      "identity" : "progresshud",
      "kind" : "remoteSourceControl",
      "location" : "https://github.com/relatedcode/ProgressHUD",
      "state" : {
        "revision" : "4aa638a88450d6d48a6620070722e875e7a179ef",
        "version" : "14.1.4"
      }
    }
  ],
  "version" : 3
}
