// !$*UTF8*$!
{
	archiveVersion = 1;
	classes = {
	};
	objectVersion = 70;
	objects = {

/* Begin PBXBuildFile section */
		2E0CE05B2EB61800001E5615 /* AuthViewController.swift in Sources */ = {isa = PBXBuildFile; fileRef = 2E0CE05A2EB61800001E5615 /* AuthViewController.swift */; };
		2E0CE05E2EB61B45001E5615 /* WebViewViewController.swift in Sources */ = {isa = PBXBuildFile; fileRef = 2E0CE05D2EB61B45001E5615 /* WebViewViewController.swift */; };
		2E0CE05F2EB637A6001E5615 /* Main.storyboard in Resources */ = {isa = PBXBuildFile; fileRef = 2E4E707A2CA9163E001759B9 /* Main.storyboard */; };
		2E1B5D7A2E9CB8EA005B9EE8 /* ImagesListCell.swift in Sources */ = {isa = PBXBuildFile; fileRef = 2E1B5D792E9CB8EA005B9EE8 /* ImagesListCell.swift */; };
		2E4E70752CA9163E001759B9 /* AppDelegate.swift in Sources */ = {isa = PBXBuildFile; fileRef = 2E4E70742CA9163E001759B9 /* AppDelegate.swift */; };
		2E4E70772CA9163E001759B9 /* SceneDelegate.swift in Sources */ = {isa = PBXBuildFile; fileRef = 2E4E70762CA9163E001759B9 /* SceneDelegate.swift */; };
		2E4E70792CA9163E001759B9 /* ImagesListViewController.swift in Sources */ = {isa = PBXBuildFile; fileRef = 2E4E70782CA9163E001759B9 /* ImagesListViewController.swift */; };
		2E4E707C2CA9163E001759B9 /* Base in Resources */ = {isa = PBXBuildFile; fileRef = 2E4E707B2CA9163E001759B9 /* Base */; };
		2E4E707E2CA9163F001759B9 /* Assets.xcassets in Resources */ = {isa = PBXBuildFile; fileRef = 2E4E707D2CA9163F001759B9 /* Assets.xcassets */; };
		2E4E70812CA9163F001759B9 /* Base in Resources */ = {isa = PBXBuildFile; fileRef = 2E4E70802CA9163F001759B9 /* Base */; };
		2E5E94522EA0C4510091E79D /* ProfileViewController.swift in Sources */ = {isa = PBXBuildFile; fileRef = 2E5E94512EA0C4510091E79D /* ProfileViewController.swift */; };
		2E82BD2A2ECC0B7B009B8913 /* HTTPMethod.swift in Sources */ = {isa = PBXBuildFile; fileRef = 2E82BD292ECC0B79009B8913 /* HTTPMethod.swift */; };
		2E84E49B2EA3A14E0062C400 /* SingleImageViewController.swift in Sources */ = {isa = PBXBuildFile; fileRef = 2E84E49A2EA3A14E0062C400 /* SingleImageViewController.swift */; };
		2E8AEAAF2EB66592009524BC /* OAuth2Service.swift in Sources */ = {isa = PBXBuildFile; fileRef = 2E8AEAAE2EB66592009524BC /* OAuth2Service.swift */; };
		2E8AEAB12EB6688F009524BC /* URLSession+data.swift in Sources */ = {isa = PBXBuildFile; fileRef = 2E8AEAB02EB6688F009524BC /* URLSession+data.swift */; };
		2E8AEAB32EB66A8D009524BC /* OAuth2TokenStorage.swift in Sources */ = {isa = PBXBuildFile; fileRef = 2E8AEAB22EB66A8D009524BC /* OAuth2TokenStorage.swift */; };
		2E8AEAB52EB67068009524BC /* SplashViewController.swift in Sources */ = {isa = PBXBuildFile; fileRef = 2E8AEAB42EB67068009524BC /* SplashViewController.swift */; };
		2E8DFCF92EC81B0A00443667 /* ProgressHUD in Frameworks */ = {isa = PBXBuildFile; productRef = 2E8DFCF82EC81B0A00443667 /* ProgressHUD */; };
		2E8DFCFC2EC8B0AD00443667 /* UIBlockingProgressHUD.swift in Sources */ = {isa = PBXBuildFile; fileRef = 2E8DFCFA2EC8B0AD00443667 /* UIBlockingProgressHUD.swift */; };
		2E8DFD012EC8B5DC00443667 /* ProfileService.swift in Sources */ = {isa = PBXBuildFile; fileRef = 2E8DFD002EC8B5C900443667 /* ProfileService.swift */; };
		2E8DFD072EC9872800443667 /* ProfileImageService.swift in Sources */ = {isa = PBXBuildFile; fileRef = 2E8DFD062EC9871500443667 /* ProfileImageService.swift */; };
		2E8DFD0A2ECAC19900443667 /* Kingfisher in Frameworks */ = {isa = PBXBuildFile; productRef = 2E8DFD092ECAC19900443667 /* Kingfisher */; };
		2E8DFD0F2ECB240E00443667 /* SwiftKeychainWrapper in Frameworks */ = {isa = PBXBuildFile; productRef = 2E8DFD0E2ECB240E00443667 /* SwiftKeychainWrapper */; };
		2E8DFD112ECB3AE600443667 /* TabBarController.swift in Sources */ = {isa = PBXBuildFile; fileRef = 2E8DFD102ECB3AE400443667 /* TabBarController.swift */; };
		2E8DFDE72ECB6AA300443667 /* ProfileImage.swift in Sources */ = {isa = PBXBuildFile; fileRef = 2E8DFDE62ECB6AA000443667 /* ProfileImage.swift */; };
		2E8DFDE92ECB6AD400443667 /* UserResult.swift in Sources */ = {isa = PBXBuildFile; fileRef = 2E8DFDE82ECB6AD100443667 /* UserResult.swift */; };
		2E8DFE792ECB7D7B00443667 /* Photo.swift in Sources */ = {isa = PBXBuildFile; fileRef = 2E8DFE782ECB7D7900443667 /* Photo.swift */; };
		2E8DFE7B2ECB7DDF00443667 /* ImagesListService.swift in Sources */ = {isa = PBXBuildFile; fileRef = 2E8DFE7A2ECB7DDC00443667 /* ImagesListService.swift */; };
		2E8DFE7D2ECB921000443667 /* ProfileLogoutService.swift in Sources */ = {isa = PBXBuildFile; fileRef = 2E8DFE7C2ECB920D00443667 /* ProfileLogoutService.swift */; };
		2E8DFE7F2ECB9C6D00443667 /* ImagesListCellDelegate.swift in Sources */ = {isa = PBXBuildFile; fileRef = 2E8DFE7E2ECB9C6A00443667 /* ImagesListCellDelegate.swift */; };
		2E9F4A142ECCAC8100754892 /* ProfileViewControllerProtocol.swift in Sources */ = {isa = PBXBuildFile; fileRef = 2E9F4A132ECCAC7D00754892 /* ProfileViewControllerProtocol.swift */; };
		2E9F4A162ECCACAC00754892 /* ProfileViewPresenterProtocol.swift in Sources */ = {isa = PBXBuildFile; fileRef = 2E9F4A152ECCACA900754892 /* ProfileViewPresenterProtocol.swift */; };
		2E9F4A182ECCACD500754892 /* ProfileViewPresenter.swift in Sources */ = {isa = PBXBuildFile; fileRef = 2E9F4A172ECCACD300754892 /* ProfileViewPresenter.swift */; };
		2E9F4A2E2ECCB3B500754892 /* ImagesListControllerProtocol.swift in Sources */ = {isa = PBXBuildFile; fileRef = 2E9F4A2D2ECCB3B200754892 /* ImagesListControllerProtocol.swift */; };
		2E9F4A302ECCB3D600754892 /* ImagesListPresenterProtocol.swift in Sources */ = {isa = PBXBuildFile; fileRef = 2E9F4A2F2ECCB3D400754892 /* ImagesListPresenterProtocol.swift */; };
		2E9F4A322ECCB3FC00754892 /* ImagesListPresenter.swift in Sources */ = {isa = PBXBuildFile; fileRef = 2E9F4A312ECCB3F900754892 /* ImagesListPresenter.swift */; };
		2EC8DE1E2EB64AD700829A54 /* WebKit.framework in Frameworks */ = {isa = PBXBuildFile; fileRef = 2EC8DE1D2EB64AD700829A54 /* WebKit.framework */; };
		2EFBE6292EB5FF1A0016AA26 /* Constants.swift in Sources */ = {isa = PBXBuildFile; fileRef = 2EFBE6282EB5FF190016AA26 /* Constants.swift */; };
		2EFBE6C72ECC8FBF00B08597 /* AuthConfiguration.swift in Sources */ = {isa = PBXBuildFile; fileRef = 2EFBE6C62ECC8FB900B08597 /* AuthConfiguration.swift */; };
		2EFBE6C92ECC902D00B08597 /* WebViewViewControllerProtocol.swift in Sources */ = {isa = PBXBuildFile; fileRef = 2EFBE6C82ECC902800B08597 /* WebViewViewControllerProtocol.swift */; };
		2EFBE6CB2ECC90CC00B08597 /* WebViewPresenterProtocol.swift in Sources */ = {isa = PBXBuildFile; fileRef = 2EFBE6CA2ECC90C900B08597 /* WebViewPresenterProtocol.swift */; };
		2EFBE6CD2ECC90EE00B08597 /* AuthHelper.swift in Sources */ = {isa = PBXBuildFile; fileRef = 2EFBE6CC2ECC90EC00B08597 /* AuthHelper.swift */; };
		2EFBE6CF2ECC911000B08597 /* WebViewPresenter.swift in Sources */ = {isa = PBXBuildFile; fileRef = 2EFBE6CE2ECC910D00B08597 /* WebViewPresenter.swift */; };
		2EFBE6D12ECC933900B08597 /* WebViewViewControllerDelegate.swift in Sources */ = {isa = PBXBuildFile; fileRef = 2EFBE6D02ECC933400B08597 /* WebViewViewControllerDelegate.swift */; };
/* End PBXBuildFile section */

/* Begin PBXContainerItemProxy section */
		2E4959C12ECD0548004B37E1 /* PBXContainerItemProxy */ = {
			isa = PBXContainerItemProxy;
			containerPortal = 2E4E70692CA9163E001759B9 /* Project object */;
			proxyType = 1;
			remoteGlobalIDString = 2E4E70702CA9163E001759B9;
			remoteInfo = ImageFeed;
		};
		2E9F4A072ECC9A8A00754892 /* PBXContainerItemProxy */ = {
			isa = PBXContainerItemProxy;
			containerPortal = 2E4E70692CA9163E001759B9 /* Project object */;
			proxyType = 1;
			remoteGlobalIDString = 2E4E70702CA9163E001759B9;
			remoteInfo = ImageFeed;
		};
/* End PBXContainerItemProxy section */

/* Begin PBXFileReference section */
		2E0CE05A2EB61800001E5615 /* AuthViewController.swift */ = {isa = PBXFileReference; lastKnownFileType = sourcecode.swift; path = AuthViewController.swift; sourceTree = "<group>"; };
		2E0CE05D2EB61B45001E5615 /* WebViewViewController.swift */ = {isa = PBXFileReference; lastKnownFileType = sourcecode.swift; path = WebViewViewController.swift; sourceTree = "<group>"; };
		2E1B5D792E9CB8EA005B9EE8 /* ImagesListCell.swift */ = {isa = PBXFileReference; lastKnownFileType = sourcecode.swift; path = ImagesListCell.swift; sourceTree = "<group>"; };
		2E4959BB2ECD0548004B37E1 /* ImageFeedUITests.xctest */ = {isa = PBXFileReference; explicitFileType = wrapper.cfbundle; includeInIndex = 0; path = ImageFeedUITests.xctest; sourceTree = BUILT_PRODUCTS_DIR; };
		2E4E70712CA9163E001759B9 /* ImageFeed.app */ = {isa = PBXFileReference; explicitFileType = wrapper.application; includeInIndex = 0; path = ImageFeed.app; sourceTree = BUILT_PRODUCTS_DIR; };
		2E4E70742CA9163E001759B9 /* AppDelegate.swift */ = {isa = PBXFileReference; lastKnownFileType = sourcecode.swift; path = AppDelegate.swift; sourceTree = "<group>"; };
		2E4E70762CA9163E001759B9 /* SceneDelegate.swift */ = {isa = PBXFileReference; lastKnownFileType = sourcecode.swift; path = SceneDelegate.swift; sourceTree = "<group>"; };
		2E4E70782CA9163E001759B9 /* ImagesListViewController.swift */ = {isa = PBXFileReference; lastKnownFileType = sourcecode.swift; path = ImagesListViewController.swift; sourceTree = "<group>"; };
		2E4E707B2CA9163E001759B9 /* Base */ = {isa = PBXFileReference; lastKnownFileType = file.storyboard; name = Base; path = Base.lproj/Main.storyboard; sourceTree = "<group>"; };
		2E4E707D2CA9163F001759B9 /* Assets.xcassets */ = {isa = PBXFileReference; lastKnownFileType = folder.assetcatalog; path = Assets.xcassets; sourceTree = "<group>"; };
		2E4E70802CA9163F001759B9 /* Base */ = {isa = PBXFileReference; lastKnownFileType = file.storyboard; name = Base; path = Base.lproj/LaunchScreen.storyboard; sourceTree = "<group>"; };
		2E4E70822CA9163F001759B9 /* Info.plist */ = {isa = PBXFileReference; lastKnownFileType = text.plist.xml; path = Info.plist; sourceTree = "<group>"; };
		2E5E94512EA0C4510091E79D /* ProfileViewController.swift */ = {isa = PBXFileReference; lastKnownFileType = sourcecode.swift; path = ProfileViewController.swift; sourceTree = "<group>"; };
		2E82BD292ECC0B79009B8913 /* HTTPMethod.swift */ = {isa = PBXFileReference; lastKnownFileType = sourcecode.swift; path = HTTPMethod.swift; sourceTree = "<group>"; };
		2E84E49A2EA3A14E0062C400 /* SingleImageViewController.swift */ = {isa = PBXFileReference; lastKnownFileType = sourcecode.swift; path = SingleImageViewController.swift; sourceTree = "<group>"; };
		2E8AEAAE2EB66592009524BC /* OAuth2Service.swift */ = {isa = PBXFileReference; lastKnownFileType = sourcecode.swift; path = OAuth2Service.swift; sourceTree = "<group>"; };
		2E8AEAB02EB6688F009524BC /* URLSession+data.swift */ = {isa = PBXFileReference; lastKnownFileType = sourcecode.swift; path = "URLSession+data.swift"; sourceTree = "<group>"; };
		2E8AEAB22EB66A8D009524BC /* OAuth2TokenStorage.swift */ = {isa = PBXFileReference; lastKnownFileType = sourcecode.swift; path = OAuth2TokenStorage.swift; sourceTree = "<group>"; };
		2E8AEAB42EB67068009524BC /* SplashViewController.swift */ = {isa = PBXFileReference; lastKnownFileType = sourcecode.swift; path = SplashViewController.swift; sourceTree = "<group>"; };
		2E8DFCFA2EC8B0AD00443667 /* UIBlockingProgressHUD.swift */ = {isa = PBXFileReference; lastKnownFileType = sourcecode.swift; path = UIBlockingProgressHUD.swift; sourceTree = "<group>"; };
		2E8DFD002EC8B5C900443667 /* ProfileService.swift */ = {isa = PBXFileReference; lastKnownFileType = sourcecode.swift; path = ProfileService.swift; sourceTree = "<group>"; };
		2E8DFD062EC9871500443667 /* ProfileImageService.swift */ = {isa = PBXFileReference; lastKnownFileType = sourcecode.swift; path = ProfileImageService.swift; sourceTree = "<group>"; };
		2E8DFD102ECB3AE400443667 /* TabBarController.swift */ = {isa = PBXFileReference; lastKnownFileType = sourcecode.swift; path = TabBarController.swift; sourceTree = "<group>"; };
		2E8DFDE62ECB6AA000443667 /* ProfileImage.swift */ = {isa = PBXFileReference; lastKnownFileType = sourcecode.swift; path = ProfileImage.swift; sourceTree = "<group>"; };
		2E8DFDE82ECB6AD100443667 /* UserResult.swift */ = {isa = PBXFileReference; lastKnownFileType = sourcecode.swift; path = UserResult.swift; sourceTree = "<group>"; };
		2E8DFE782ECB7D7900443667 /* Photo.swift */ = {isa = PBXFileReference; lastKnownFileType = sourcecode.swift; path = Photo.swift; sourceTree = "<group>"; };
		2E8DFE7A2ECB7DDC00443667 /* ImagesListService.swift */ = {isa = PBXFileReference; lastKnownFileType = sourcecode.swift; path = ImagesListService.swift; sourceTree = "<group>"; };
		2E8DFE7C2ECB920D00443667 /* ProfileLogoutService.swift */ = {isa = PBXFileReference; lastKnownFileType = sourcecode.swift; path = ProfileLogoutService.swift; sourceTree = "<group>"; };
		2E8DFE7E2ECB9C6A00443667 /* ImagesListCellDelegate.swift */ = {isa = PBXFileReference; lastKnownFileType = sourcecode.swift; path = ImagesListCellDelegate.swift; sourceTree = "<group>"; };
		2E9F4A032ECC9A8A00754892 /* ImageFeedTests.xctest */ = {isa = PBXFileReference; explicitFileType = wrapper.cfbundle; includeInIndex = 0; path = ImageFeedTests.xctest; sourceTree = BUILT_PRODUCTS_DIR; };
		2E9F4A132ECCAC7D00754892 /* ProfileViewControllerProtocol.swift */ = {isa = PBXFileReference; lastKnownFileType = sourcecode.swift; path = ProfileViewControllerProtocol.swift; sourceTree = "<group>"; };
		2E9F4A152ECCACA900754892 /* ProfileViewPresenterProtocol.swift */ = {isa = PBXFileReference; lastKnownFileType = sourcecode.swift; path = ProfileViewPresenterProtocol.swift; sourceTree = "<group>"; };
		2E9F4A172ECCACD300754892 /* ProfileViewPresenter.swift */ = {isa = PBXFileReference; lastKnownFileType = sourcecode.swift; path = ProfileViewPresenter.swift; sourceTree = "<group>"; };
		2E9F4A2D2ECCB3B200754892 /* ImagesListControllerProtocol.swift */ = {isa = PBXFileReference; lastKnownFileType = sourcecode.swift; path = ImagesListControllerProtocol.swift; sourceTree = "<group>"; };
		2E9F4A2F2ECCB3D400754892 /* ImagesListPresenterProtocol.swift */ = {isa = PBXFileReference; lastKnownFileType = sourcecode.swift; path = ImagesListPresenterProtocol.swift; sourceTree = "<group>"; };
		2E9F4A312ECCB3F900754892 /* ImagesListPresenter.swift */ = {isa = PBXFileReference; lastKnownFileType = sourcecode.swift; path = ImagesListPresenter.swift; sourceTree = "<group>"; };
		2EC8DE1D2EB64AD700829A54 /* WebKit.framework */ = {isa = PBXFileReference; lastKnownFileType = wrapper.framework; name = WebKit.framework; path = System/Library/Frameworks/WebKit.framework; sourceTree = SDKROOT; };
		2EFBE6282EB5FF190016AA26 /* Constants.swift */ = {isa = PBXFileReference; lastKnownFileType = sourcecode.swift; path = Constants.swift; sourceTree = "<group>"; };
		2EFBE6C62ECC8FB900B08597 /* AuthConfiguration.swift */ = {isa = PBXFileReference; lastKnownFileType = sourcecode.swift; path = AuthConfiguration.swift; sourceTree = "<group>"; };
		2EFBE6C82ECC902800B08597 /* WebViewViewControllerProtocol.swift */ = {isa = PBXFileReference; lastKnownFileType = sourcecode.swift; path = WebViewViewControllerProtocol.swift; sourceTree = "<group>"; };
		2EFBE6CA2ECC90C900B08597 /* WebViewPresenterProtocol.swift */ = {isa = PBXFileReference; lastKnownFileType = sourcecode.swift; path = WebViewPresenterProtocol.swift; sourceTree = "<group>"; };
		2EFBE6CC2ECC90EC00B08597 /* AuthHelper.swift */ = {isa = PBXFileReference; lastKnownFileType = sourcecode.swift; path = AuthHelper.swift; sourceTree = "<group>"; };
		2EFBE6CE2ECC910D00B08597 /* WebViewPresenter.swift */ = {isa = PBXFileReference; lastKnownFileType = sourcecode.swift; path = WebViewPresenter.swift; sourceTree = "<group>"; };
		2EFBE6D02ECC933400B08597 /* WebViewViewControllerDelegate.swift */ = {isa = PBXFileReference; lastKnownFileType = sourcecode.swift; path = WebViewViewControllerDelegate.swift; sourceTree = "<group>"; };
/* End PBXFileReference section */

/* Begin PBXFileSystemSynchronizedRootGroup section */
		2E4959BC2ECD0548004B37E1 /* ImageFeedUITests */ = {isa = PBXFileSystemSynchronizedRootGroup; explicitFileTypes = {}; explicitFolders = (); path = ImageFeedUITests; sourceTree = "<group>"; };
		2E9F4A042ECC9A8A00754892 /* ImageFeedTests */ = {isa = PBXFileSystemSynchronizedRootGroup; explicitFileTypes = {}; explicitFolders = (); path = ImageFeedTests; sourceTree = "<group>"; };
/* End PBXFileSystemSynchronizedRootGroup section */

/* Begin PBXFrameworksBuildPhase section */
		2E4959B82ECD0548004B37E1 /* Frameworks */ = {
			isa = PBXFrameworksBuildPhase;
			buildActionMask = 2147483647;
			files = (
			);
			runOnlyForDeploymentPostprocessing = 0;
		};
		2E4E706E2CA9163E001759B9 /* Frameworks */ = {
			isa = PBXFrameworksBuildPhase;
			buildActionMask = 2147483647;
			files = (
				2E8DFD0A2ECAC19900443667 /* Kingfisher in Frameworks */,
				2EC8DE1E2EB64AD700829A54 /* WebKit.framework in Frameworks */,
				2E8DFD0F2ECB240E00443667 /* SwiftKeychainWrapper in Frameworks */,
				2E8DFCF92EC81B0A00443667 /* ProgressHUD in Frameworks */,
			);
			runOnlyForDeploymentPostprocessing = 0;
		};
		2E9F4A002ECC9A8A00754892 /* Frameworks */ = {
			isa = PBXFrameworksBuildPhase;
			buildActionMask = 2147483647;
			files = (
			);
			runOnlyForDeploymentPostprocessing = 0;
		};
/* End PBXFrameworksBuildPhase section */

/* Begin PBXGroup section */
		2E0CE05C2EB6184F001E5615 /* Auth */ = {
			isa = PBXGroup;
			children = (
				2EFBE6D02ECC933400B08597 /* WebViewViewControllerDelegate.swift */,
				2EFBE6CE2ECC910D00B08597 /* WebViewPresenter.swift */,
				2EFBE6CC2ECC90EC00B08597 /* AuthHelper.swift */,
				2EFBE6CA2ECC90C900B08597 /* WebViewPresenterProtocol.swift */,
				2EFBE6C82ECC902800B08597 /* WebViewViewControllerProtocol.swift */,
				2E82BD292ECC0B79009B8913 /* HTTPMethod.swift */,
				2E0CE05A2EB61800001E5615 /* AuthViewController.swift */,
				2E0CE05D2EB61B45001E5615 /* WebViewViewController.swift */,
				2E8AEAB02EB6688F009524BC /* URLSession+data.swift */,
			);
			path = Auth;
			sourceTree = "<group>";
		};
		2E1B5D7C2E9CBB8D005B9EE8 /* ImagesList */ = {
			isa = PBXGroup;
			children = (
				2E9F4A312ECCB3F900754892 /* ImagesListPresenter.swift */,
				2E9F4A2F2ECCB3D400754892 /* ImagesListPresenterProtocol.swift */,
				2E9F4A2D2ECCB3B200754892 /* ImagesListControllerProtocol.swift */,
				2E8DFE7E2ECB9C6A00443667 /* ImagesListCellDelegate.swift */,
				2E8DFE7A2ECB7DDC00443667 /* ImagesListService.swift */,
				2E8DFE782ECB7D7900443667 /* Photo.swift */,
				2E1B5D792E9CB8EA005B9EE8 /* ImagesListCell.swift */,
				2E4E70782CA9163E001759B9 /* ImagesListViewController.swift */,
			);
			path = ImagesList;
			sourceTree = "<group>";
		};
		2E4E70682CA9163E001759B9 = {
			isa = PBXGroup;
			children = (
				2E4E70732CA9163E001759B9 /* ImageFeed */,
				2E9F4A042ECC9A8A00754892 /* ImageFeedTests */,
				2E4959BC2ECD0548004B37E1 /* ImageFeedUITests */,
				2EC8DE1C2EB64AD700829A54 /* Frameworks */,
				2E4E70722CA9163E001759B9 /* Products */,
			);
			sourceTree = "<group>";
		};
		2E4E70722CA9163E001759B9 /* Products */ = {
			isa = PBXGroup;
			children = (
				2E4E70712CA9163E001759B9 /* ImageFeed.app */,
				2E9F4A032ECC9A8A00754892 /* ImageFeedTests.xctest */,
				2E4959BB2ECD0548004B37E1 /* ImageFeedUITests.xctest */,
			);
			name = Products;
			sourceTree = "<group>";
		};
		2E4E70732CA9163E001759B9 /* ImageFeed */ = {
			isa = PBXGroup;
			children = (
				2EFBE6C62ECC8FB900B08597 /* AuthConfiguration.swift */,
				2EFBE6282EB5FF190016AA26 /* Constants.swift */,
				2E4E70742CA9163E001759B9 /* AppDelegate.swift */,
				2E4E70762CA9163E001759B9 /* SceneDelegate.swift */,
				2E0CE05C2EB6184F001E5615 /* Auth */,
				2E8DFCFB2EC8B0AD00443667 /* Views */,
				2E8AEAB72EB67123009524BC /* ServiceAccessLayer */,
				2E8AEAB62EB670A0009524BC /* SplashViewController */,
				2E8DFD132ECB415500443667 /* TabBarController */,
				2E5E94502EA0C3E40091E79D /* Profile */,
				2E1B5D7C2E9CBB8D005B9EE8 /* ImagesList */,
				2E84E4992EA3A1140062C400 /* SingleImageView */,
				2E4E707A2CA9163E001759B9 /* Main.storyboard */,
				2E4E707D2CA9163F001759B9 /* Assets.xcassets */,
				2E4E707F2CA9163F001759B9 /* LaunchScreen.storyboard */,
				2E4E70822CA9163F001759B9 /* Info.plist */,
			);
			path = ImageFeed;
			sourceTree = "<group>";
		};
		2E5E94502EA0C3E40091E79D /* Profile */ = {
			isa = PBXGroup;
			children = (
				2E9F4A172ECCACD300754892 /* ProfileViewPresenter.swift */,
				2E9F4A152ECCACA900754892 /* ProfileViewPresenterProtocol.swift */,
				2E9F4A132ECCAC7D00754892 /* ProfileViewControllerProtocol.swift */,
				2E5E94512EA0C4510091E79D /* ProfileViewController.swift */,
			);
			path = Profile;
			sourceTree = "<group>";
		};
		2E84E4992EA3A1140062C400 /* SingleImageView */ = {
			isa = PBXGroup;
			children = (
				2E84E49A2EA3A14E0062C400 /* SingleImageViewController.swift */,
			);
			path = SingleImageView;
			sourceTree = "<group>";
		};
		2E8AEAB62EB670A0009524BC /* SplashViewController */ = {
			isa = PBXGroup;
			children = (
				2E8AEAB42EB67068009524BC /* SplashViewController.swift */,
			);
			path = SplashViewController;
			sourceTree = "<group>";
		};
		2E8AEAB72EB67123009524BC /* ServiceAccessLayer */ = {
			isa = PBXGroup;
			children = (
				2E8DFCFD2EC8B54300443667 /* ProfileService */,
				2E8AEAB82EB67132009524BC /* OAuth2 */,
			);
			path = ServiceAccessLayer;
			sourceTree = "<group>";
		};
		2E8AEAB82EB67132009524BC /* OAuth2 */ = {
			isa = PBXGroup;
			children = (
				2E8AEAAE2EB66592009524BC /* OAuth2Service.swift */,
				2E8AEAB22EB66A8D009524BC /* OAuth2TokenStorage.swift */,
			);
			path = OAuth2;
			sourceTree = "<group>";
		};
		2E8DFCFB2EC8B0AD00443667 /* Views */ = {
			isa = PBXGroup;
			children = (
				2E8DFCFA2EC8B0AD00443667 /* UIBlockingProgressHUD.swift */,
			);
			path = Views;
			sourceTree = "<group>";
		};
		2E8DFCFD2EC8B54300443667 /* ProfileService */ = {
			isa = PBXGroup;
			children = (
				2E8DFE7C2ECB920D00443667 /* ProfileLogoutService.swift */,
				2E8DFDE82ECB6AD100443667 /* UserResult.swift */,
				2E8DFDE62ECB6AA000443667 /* ProfileImage.swift */,
				2E8DFD062EC9871500443667 /* ProfileImageService.swift */,
				2E8DFD002EC8B5C900443667 /* ProfileService.swift */,
			);
			path = ProfileService;
			sourceTree = "<group>";
		};
		2E8DFD132ECB415500443667 /* TabBarController */ = {
			isa = PBXGroup;
			children = (
				2E8DFD102ECB3AE400443667 /* TabBarController.swift */,
			);
			path = TabBarController;
			sourceTree = "<group>";
		};
		2EC8DE1C2EB64AD700829A54 /* Frameworks */ = {
			isa = PBXGroup;
			children = (
				2EC8DE1D2EB64AD700829A54 /* WebKit.framework */,
			);
			name = Frameworks;
			sourceTree = "<group>";
		};
/* End PBXGroup section */

/* Begin PBXNativeTarget section */
		2E4959BA2ECD0548004B37E1 /* ImageFeedUITests */ = {
			isa = PBXNativeTarget;
			buildConfigurationList = 2E4959C52ECD0548004B37E1 /* Build configuration list for PBXNativeTarget "ImageFeedUITests" */;
			buildPhases = (
				2E4959B72ECD0548004B37E1 /* Sources */,
				2E4959B82ECD0548004B37E1 /* Frameworks */,
				2E4959B92ECD0548004B37E1 /* Resources */,
			);
			buildRules = (
			);
			dependencies = (
				2E4959C22ECD0548004B37E1 /* PBXTargetDependency */,
			);
			fileSystemSynchronizedGroups = (
				2E4959BC2ECD0548004B37E1 /* ImageFeedUITests */,
			);
			name = ImageFeedUITests;
			packageProductDependencies = (
			);
			productName = ImageFeedUITests;
			productReference = 2E4959BB2ECD0548004B37E1 /* ImageFeedUITests.xctest */;
			productType = "com.apple.product-type.bundle.ui-testing";
		};
		2E4E70702CA9163E001759B9 /* ImageFeed */ = {
			isa = PBXNativeTarget;
			buildConfigurationList = 2E4E70852CA9163F001759B9 /* Build configuration list for PBXNativeTarget "ImageFeed" */;
			buildPhases = (
				2E4E706D2CA9163E001759B9 /* Sources */,
				2E4E706E2CA9163E001759B9 /* Frameworks */,
				2E4E706F2CA9163E001759B9 /* Resources */,
			);
			buildRules = (
			);
			dependencies = (
			);
			name = ImageFeed;
			productName = ImageFeed;
			productReference = 2E4E70712CA9163E001759B9 /* ImageFeed.app */;
			productType = "com.apple.product-type.application";
		};
		2E9F4A022ECC9A8A00754892 /* ImageFeedTests */ = {
			isa = PBXNativeTarget;
			buildConfigurationList = 2E9F4A0B2ECC9A8A00754892 /* Build configuration list for PBXNativeTarget "ImageFeedTests" */;
			buildPhases = (
				2E9F49FF2ECC9A8A00754892 /* Sources */,
				2E9F4A002ECC9A8A00754892 /* Frameworks */,
				2E9F4A012ECC9A8A00754892 /* Resources */,
			);
			buildRules = (
			);
			dependencies = (
				2E9F4A082ECC9A8A00754892 /* PBXTargetDependency */,
			);
			fileSystemSynchronizedGroups = (
				2E9F4A042ECC9A8A00754892 /* ImageFeedTests */,
			);
			name = ImageFeedTests;
			packageProductDependencies = (
			);
			productName = ImageFeedTests;
			productReference = 2E9F4A032ECC9A8A00754892 /* ImageFeedTests.xctest */;
			productType = "com.apple.product-type.bundle.unit-test";
		};
/* End PBXNativeTarget section */

/* Begin PBXProject section */
		2E4E70692CA9163E001759B9 /* Project object */ = {
			isa = PBXProject;
			attributes = {
				BuildIndependentTargetsInParallel = 1;
				LastSwiftUpdateCheck = 2600;
				LastUpgradeCheck = 1540;
				TargetAttributes = {
					2E4959BA2ECD0548004B37E1 = {
						CreatedOnToolsVersion = 26.0.1;
						TestTargetID = 2E4E70702CA9163E001759B9;
					};
					2E4E70702CA9163E001759B9 = {
						CreatedOnToolsVersion = 15.4;
					};
					2E9F4A022ECC9A8A00754892 = {
						CreatedOnToolsVersion = 26.0.1;
						TestTargetID = 2E4E70702CA9163E001759B9;
					};
				};
			};
			buildConfigurationList = 2E4E706C2CA9163E001759B9 /* Build configuration list for PBXProject "ImageFeed" */;
			compatibilityVersion = "Xcode 15.3";
			developmentRegion = en;
			hasScannedForEncodings = 0;
			knownRegions = (
				en,
				Base,
			);
			mainGroup = 2E4E70682CA9163E001759B9;
			packageReferences = (
				2E8DFCF72EC81B0A00443667 /* XCRemoteSwiftPackageReference "ProgressHUD" */,
				2E8DFD082ECAC19900443667 /* XCRemoteSwiftPackageReference "Kingfisher" */,
				2E8DFD0D2ECB240E00443667 /* XCRemoteSwiftPackageReference "SwiftKeychainWrapper" */,
			);
			productRefGroup = 2E4E70722CA9163E001759B9 /* Products */;
			projectDirPath = "";
			projectRoot = "";
			targets = (
				2E4E70702CA9163E001759B9 /* ImageFeed */,
				2E9F4A022ECC9A8A00754892 /* ImageFeedTests */,
				2E4959BA2ECD0548004B37E1 /* ImageFeedUITests */,
			);
		};
/* End PBXProject section */

/* Begin PBXResourcesBuildPhase section */
		2E4959B92ECD0548004B37E1 /* Resources */ = {
			isa = PBXResourcesBuildPhase;
			buildActionMask = 2147483647;
			files = (
			);
			runOnlyForDeploymentPostprocessing = 0;
		};
		2E4E706F2CA9163E001759B9 /* Resources */ = {
			isa = PBXResourcesBuildPhase;
			buildActionMask = 2147483647;
			files = (
				2E4E707E2CA9163F001759B9 /* Assets.xcassets in Resources */,
				2E4E70812CA9163F001759B9 /* Base in Resources */,
				2E4E707C2CA9163E001759B9 /* Base in Resources */,
				2E0CE05F2EB637A6001E5615 /* Main.storyboard in Resources */,
			);
			runOnlyForDeploymentPostprocessing = 0;
		};
		2E9F4A012ECC9A8A00754892 /* Resources */ = {
			isa = PBXResourcesBuildPhase;
			buildActionMask = 2147483647;
			files = (
			);
			runOnlyForDeploymentPostprocessing = 0;
		};
/* End PBXResourcesBuildPhase section */

/* Begin PBXSourcesBuildPhase section */
		2E4959B72ECD0548004B37E1 /* Sources */ = {
			isa = PBXSourcesBuildPhase;
			buildActionMask = 2147483647;
			files = (
			);
			runOnlyForDeploymentPostprocessing = 0;
		};
		2E4E706D2CA9163E001759B9 /* Sources */ = {
			isa = PBXSourcesBuildPhase;
			buildActionMask = 2147483647;
			files = (
				2E8AEAB32EB66A8D009524BC /* OAuth2TokenStorage.swift in Sources */,
				2E4E70792CA9163E001759B9 /* ImagesListViewController.swift in Sources */,
				2E1B5D7A2E9CB8EA005B9EE8 /* ImagesListCell.swift in Sources */,
				2E5E94522EA0C4510091E79D /* ProfileViewController.swift in Sources */,
				2E8DFE7B2ECB7DDF00443667 /* ImagesListService.swift in Sources */,
				2EFBE6CD2ECC90EE00B08597 /* AuthHelper.swift in Sources */,
				2E8DFE7D2ECB921000443667 /* ProfileLogoutService.swift in Sources */,
				2E8DFE792ECB7D7B00443667 /* Photo.swift in Sources */,
				2E4E70752CA9163E001759B9 /* AppDelegate.swift in Sources */,
				2EFBE6C92ECC902D00B08597 /* WebViewViewControllerProtocol.swift in Sources */,
				2EFBE6C72ECC8FBF00B08597 /* AuthConfiguration.swift in Sources */,
				2E0CE05B2EB61800001E5615 /* AuthViewController.swift in Sources */,
				2E8DFE7F2ECB9C6D00443667 /* ImagesListCellDelegate.swift in Sources */,
				2E9F4A182ECCACD500754892 /* ProfileViewPresenter.swift in Sources */,
				2E8DFD112ECB3AE600443667 /* TabBarController.swift in Sources */,
				2E8DFD012EC8B5DC00443667 /* ProfileService.swift in Sources */,
				2E8AEAB52EB67068009524BC /* SplashViewController.swift in Sources */,
				2E9F4A2E2ECCB3B500754892 /* ImagesListControllerProtocol.swift in Sources */,
				2EFBE6292EB5FF1A0016AA26 /* Constants.swift in Sources */,
				2E8DFD072EC9872800443667 /* ProfileImageService.swift in Sources */,
				2E9F4A302ECCB3D600754892 /* ImagesListPresenterProtocol.swift in Sources */,
				2E8DFDE92ECB6AD400443667 /* UserResult.swift in Sources */,
				2E84E49B2EA3A14E0062C400 /* SingleImageViewController.swift in Sources */,
				2E8AEAB12EB6688F009524BC /* URLSession+data.swift in Sources */,
				2EFBE6D12ECC933900B08597 /* WebViewViewControllerDelegate.swift in Sources */,
				2E8DFDE72ECB6AA300443667 /* ProfileImage.swift in Sources */,
				2EFBE6CF2ECC911000B08597 /* WebViewPresenter.swift in Sources */,
				2E0CE05E2EB61B45001E5615 /* WebViewViewController.swift in Sources */,
				2E82BD2A2ECC0B7B009B8913 /* HTTPMethod.swift in Sources */,
				2E8AEAAF2EB66592009524BC /* OAuth2Service.swift in Sources */,
				2E9F4A142ECCAC8100754892 /* ProfileViewControllerProtocol.swift in Sources */,
				2EFBE6CB2ECC90CC00B08597 /* WebViewPresenterProtocol.swift in Sources */,
				2E4E70772CA9163E001759B9 /* SceneDelegate.swift in Sources */,
				2E8DFCFC2EC8B0AD00443667 /* UIBlockingProgressHUD.swift in Sources */,
				2E9F4A322ECCB3FC00754892 /* ImagesListPresenter.swift in Sources */,
				2E9F4A162ECCACAC00754892 /* ProfileViewPresenterProtocol.swift in Sources */,
			);
			runOnlyForDeploymentPostprocessing = 0;
		};
		2E9F49FF2ECC9A8A00754892 /* Sources */ = {
			isa = PBXSourcesBuildPhase;
			buildActionMask = 2147483647;
			files = (
			);
			runOnlyForDeploymentPostprocessing = 0;
		};
/* End PBXSourcesBuildPhase section */

/* Begin PBXTargetDependency section */
		2E4959C22ECD0548004B37E1 /* PBXTargetDependency */ = {
			isa = PBXTargetDependency;
			target = 2E4E70702CA9163E001759B9 /* ImageFeed */;
			targetProxy = 2E4959C12ECD0548004B37E1 /* PBXContainerItemProxy */;
		};
		2E9F4A082ECC9A8A00754892 /* PBXTargetDependency */ = {
			isa = PBXTargetDependency;
			target = 2E4E70702CA9163E001759B9 /* ImageFeed */;
			targetProxy = 2E9F4A072ECC9A8A00754892 /* PBXContainerItemProxy */;
		};
/* End PBXTargetDependency section */

/* Begin PBXVariantGroup section */
		2E4E707A2CA9163E001759B9 /* Main.storyboard */ = {
			isa = PBXVariantGroup;
			children = (
				2E4E707B2CA9163E001759B9 /* Base */,
			);
			name = Main.storyboard;
			sourceTree = "<group>";
		};
		2E4E707F2CA9163F001759B9 /* LaunchScreen.storyboard */ = {
			isa = PBXVariantGroup;
			children = (
				2E4E70802CA9163F001759B9 /* Base */,
			);
			name = LaunchScreen.storyboard;
			sourceTree = "<group>";
		};
/* End PBXVariantGroup section */

/* Begin XCBuildConfiguration section */
		2E4959C32ECD0548004B37E1 /* Debug */ = {
			isa = XCBuildConfiguration;
			buildSettings = {
				CODE_SIGN_STYLE = Automatic;
				CURRENT_PROJECT_VERSION = 1;
				DEVELOPMENT_TEAM = BM3UM9K52D;
				GENERATE_INFOPLIST_FILE = YES;
				IPHONEOS_DEPLOYMENT_TARGET = 26.0;
				MARKETING_VERSION = 1.0;
				PRODUCT_BUNDLE_IDENTIFIER = ru.practicum.zebolovnik.ImageFeedUITests;
				PRODUCT_NAME = "$(TARGET_NAME)";
				STRING_CATALOG_GENERATE_SYMBOLS = NO;
				SWIFT_APPROACHABLE_CONCURRENCY = YES;
				SWIFT_EMIT_LOC_STRINGS = NO;
				SWIFT_UPCOMING_FEATURE_MEMBER_IMPORT_VISIBILITY = YES;
				SWIFT_VERSION = 5.0;
				TARGETED_DEVICE_FAMILY = "1,2";
				TEST_TARGET_NAME = ImageFeed;
			};
			name = Debug;
		};
		2E4959C42ECD0548004B37E1 /* Release */ = {
			isa = XCBuildConfiguration;
			buildSettings = {
				CODE_SIGN_STYLE = Automatic;
				CURRENT_PROJECT_VERSION = 1;
				DEVELOPMENT_TEAM = BM3UM9K52D;
				GENERATE_INFOPLIST_FILE = YES;
				IPHONEOS_DEPLOYMENT_TARGET = 26.0;
				MARKETING_VERSION = 1.0;
				PRODUCT_BUNDLE_IDENTIFIER = ru.practicum.zebolovnik.ImageFeedUITests;
				PRODUCT_NAME = "$(TARGET_NAME)";
				STRING_CATALOG_GENERATE_SYMBOLS = NO;
				SWIFT_APPROACHABLE_CONCURRENCY = YES;
				SWIFT_EMIT_LOC_STRINGS = NO;
				SWIFT_UPCOMING_FEATURE_MEMBER_IMPORT_VISIBILITY = YES;
				SWIFT_VERSION = 5.0;
				TARGETED_DEVICE_FAMILY = "1,2";
				TEST_TARGET_NAME = ImageFeed;
			};
			name = Release;
		};
		2E4E70832CA9163F001759B9 /* Debug */ = {
			isa = XCBuildConfiguration;
			buildSettings = {
				ALWAYS_SEARCH_USER_PATHS = NO;
				ASSETCATALOG_COMPILER_GENERATE_SWIFT_ASSET_SYMBOL_EXTENSIONS = YES;
				CLANG_ANALYZER_NONNULL = YES;
				CLANG_ANALYZER_NUMBER_OBJECT_CONVERSION = YES_AGGRESSIVE;
				CLANG_CXX_LANGUAGE_STANDARD = "gnu++20";
				CLANG_ENABLE_MODULES = YES;
				CLANG_ENABLE_OBJC_ARC = YES;
				CLANG_ENABLE_OBJC_WEAK = YES;
				CLANG_WARN_BLOCK_CAPTURE_AUTORELEASING = YES;
				CLANG_WARN_BOOL_CONVERSION = YES;
				CLANG_WARN_COMMA = YES;
				CLANG_WARN_CONSTANT_CONVERSION = YES;
				CLANG_WARN_DEPRECATED_OBJC_IMPLEMENTATIONS = YES;
				CLANG_WARN_DIRECT_OBJC_ISA_USAGE = YES_ERROR;
				CLANG_WARN_DOCUMENTATION_COMMENTS = YES;
				CLANG_WARN_EMPTY_BODY = YES;
				CLANG_WARN_ENUM_CONVERSION = YES;
				CLANG_WARN_INFINITE_RECURSION = YES;
				CLANG_WARN_INT_CONVERSION = YES;
				CLANG_WARN_NON_LITERAL_NULL_CONVERSION = YES;
				CLANG_WARN_OBJC_IMPLICIT_RETAIN_SELF = YES;
				CLANG_WARN_OBJC_LITERAL_CONVERSION = YES;
				CLANG_WARN_OBJC_ROOT_CLASS = YES_ERROR;
				CLANG_WARN_QUOTED_INCLUDE_IN_FRAMEWORK_HEADER = YES;
				CLANG_WARN_RANGE_LOOP_ANALYSIS = YES;
				CLANG_WARN_STRICT_PROTOTYPES = YES;
				CLANG_WARN_SUSPICIOUS_MOVE = YES;
				CLANG_WARN_UNGUARDED_AVAILABILITY = YES_AGGRESSIVE;
				CLANG_WARN_UNREACHABLE_CODE = YES;
				CLANG_WARN__DUPLICATE_METHOD_MATCH = YES;
				COPY_PHASE_STRIP = NO;
				DEBUG_INFORMATION_FORMAT = dwarf;
				ENABLE_STRICT_OBJC_MSGSEND = YES;
				ENABLE_TESTABILITY = YES;
				ENABLE_USER_SCRIPT_SANDBOXING = YES;
				GCC_C_LANGUAGE_STANDARD = gnu17;
				GCC_DYNAMIC_NO_PIC = NO;
				GCC_NO_COMMON_BLOCKS = YES;
				GCC_OPTIMIZATION_LEVEL = 0;
				GCC_PREPROCESSOR_DEFINITIONS = (
					"DEBUG=1",
					"$(inherited)",
				);
				GCC_WARN_64_TO_32_BIT_CONVERSION = YES;
				GCC_WARN_ABOUT_RETURN_TYPE = YES_ERROR;
				GCC_WARN_UNDECLARED_SELECTOR = YES;
				GCC_WARN_UNINITIALIZED_AUTOS = YES_AGGRESSIVE;
				GCC_WARN_UNUSED_FUNCTION = YES;
				GCC_WARN_UNUSED_VARIABLE = YES;
				IPHONEOS_DEPLOYMENT_TARGET = 17.5;
				LOCALIZATION_PREFERS_STRING_CATALOGS = YES;
				MTL_ENABLE_DEBUG_INFO = INCLUDE_SOURCE;
				MTL_FAST_MATH = YES;
				ONLY_ACTIVE_ARCH = YES;
				SDKROOT = iphoneos;
				SWIFT_ACTIVE_COMPILATION_CONDITIONS = "DEBUG $(inherited)";
				SWIFT_OPTIMIZATION_LEVEL = "-Onone";
			};
			name = Debug;
		};
		2E4E70842CA9163F001759B9 /* Release */ = {
			isa = XCBuildConfiguration;
			buildSettings = {
				ALWAYS_SEARCH_USER_PATHS = NO;
				ASSETCATALOG_COMPILER_GENERATE_SWIFT_ASSET_SYMBOL_EXTENSIONS = YES;
				CLANG_ANALYZER_NONNULL = YES;
				CLANG_ANALYZER_NUMBER_OBJECT_CONVERSION = YES_AGGRESSIVE;
				CLANG_CXX_LANGUAGE_STANDARD = "gnu++20";
				CLANG_ENABLE_MODULES = YES;
				CLANG_ENABLE_OBJC_ARC = YES;
				CLANG_ENABLE_OBJC_WEAK = YES;
				CLANG_WARN_BLOCK_CAPTURE_AUTORELEASING = YES;
				CLANG_WARN_BOOL_CONVERSION = YES;
				CLANG_WARN_COMMA = YES;
				CLANG_WARN_CONSTANT_CONVERSION = YES;
				CLANG_WARN_DEPRECATED_OBJC_IMPLEMENTATIONS = YES;
				CLANG_WARN_DIRECT_OBJC_ISA_USAGE = YES_ERROR;
				CLANG_WARN_DOCUMENTATION_COMMENTS = YES;
				CLANG_WARN_EMPTY_BODY = YES;
				CLANG_WARN_ENUM_CONVERSION = YES;
				CLANG_WARN_INFINITE_RECURSION = YES;
				CLANG_WARN_INT_CONVERSION = YES;
				CLANG_WARN_NON_LITERAL_NULL_CONVERSION = YES;
				CLANG_WARN_OBJC_IMPLICIT_RETAIN_SELF = YES;
				CLANG_WARN_OBJC_LITERAL_CONVERSION = YES;
				CLANG_WARN_OBJC_ROOT_CLASS = YES_ERROR;
				CLANG_WARN_QUOTED_INCLUDE_IN_FRAMEWORK_HEADER = YES;
				CLANG_WARN_RANGE_LOOP_ANALYSIS = YES;
				CLANG_WARN_STRICT_PROTOTYPES = YES;
				CLANG_WARN_SUSPICIOUS_MOVE = YES;
				CLANG_WARN_UNGUARDED_AVAILABILITY = YES_AGGRESSIVE;
				CLANG_WARN_UNREACHABLE_CODE = YES;
				CLANG_WARN__DUPLICATE_METHOD_MATCH = YES;
				COPY_PHASE_STRIP = NO;
				DEBUG_INFORMATION_FORMAT = "dwarf-with-dsym";
				ENABLE_NS_ASSERTIONS = NO;
				ENABLE_STRICT_OBJC_MSGSEND = YES;
				ENABLE_USER_SCRIPT_SANDBOXING = YES;
				GCC_C_LANGUAGE_STANDARD = gnu17;
				GCC_NO_COMMON_BLOCKS = YES;
				GCC_WARN_64_TO_32_BIT_CONVERSION = YES;
				GCC_WARN_ABOUT_RETURN_TYPE = YES_ERROR;
				GCC_WARN_UNDECLARED_SELECTOR = YES;
				GCC_WARN_UNINITIALIZED_AUTOS = YES_AGGRESSIVE;
				GCC_WARN_UNUSED_FUNCTION = YES;
				GCC_WARN_UNUSED_VARIABLE = YES;
				IPHONEOS_DEPLOYMENT_TARGET = 17.5;
				LOCALIZATION_PREFERS_STRING_CATALOGS = YES;
				MTL_ENABLE_DEBUG_INFO = NO;
				MTL_FAST_MATH = YES;
				SDKROOT = iphoneos;
				SWIFT_COMPILATION_MODE = wholemodule;
				VALIDATE_PRODUCT = YES;
			};
			name = Release;
		};
		2E4E70862CA9163F001759B9 /* Debug */ = {
			isa = XCBuildConfiguration;
			buildSettings = {
				ASSETCATALOG_COMPILER_APPICON_NAME = AppIcon;
				ASSETCATALOG_COMPILER_GLOBAL_ACCENT_COLOR_NAME = AccentColor;
				CODE_SIGN_STYLE = Automatic;
				CURRENT_PROJECT_VERSION = 1;
				DEVELOPMENT_TEAM = BM3UM9K52D;
				GENERATE_INFOPLIST_FILE = YES;
				INFOPLIST_FILE = ImageFeed/Info.plist;
				INFOPLIST_KEY_CFBundleDisplayName = "";
				INFOPLIST_KEY_LSApplicationCategoryType = "";
				INFOPLIST_KEY_UIApplicationSupportsIndirectInputEvents = YES;
				INFOPLIST_KEY_UILaunchStoryboardName = LaunchScreen;
				INFOPLIST_KEY_UIMainStoryboardFile = Main;
				INFOPLIST_KEY_UISupportedInterfaceOrientations = UIInterfaceOrientationPortrait;
				IPHONEOS_DEPLOYMENT_TARGET = 13.0;
				LD_RUNPATH_SEARCH_PATHS = (
					"$(inherited)",
					"@executable_path/Frameworks",
				);
				MARKETING_VERSION = 1.0;
				PRODUCT_BUNDLE_IDENTIFIER = ru.practicum.zebolovnik.ImageFeed;
				PRODUCT_NAME = "$(TARGET_NAME)";
				SUPPORTED_PLATFORMS = "iphoneos iphonesimulator";
				SUPPORTS_MACCATALYST = NO;
				SWIFT_EMIT_LOC_STRINGS = YES;
				SWIFT_VERSION = 5.0;
				TARGETED_DEVICE_FAMILY = 1;
			};
			name = Debug;
		};
		2E4E70872CA9163F001759B9 /* Release */ = {
			isa = XCBuildConfiguration;
			buildSettings = {
				ASSETCATALOG_COMPILER_APPICON_NAME = AppIcon;
				ASSETCATALOG_COMPILER_GLOBAL_ACCENT_COLOR_NAME = AccentColor;
				CODE_SIGN_STYLE = Automatic;
				CURRENT_PROJECT_VERSION = 1;
				DEVELOPMENT_TEAM = BM3UM9K52D;
				GENERATE_INFOPLIST_FILE = YES;
				INFOPLIST_FILE = ImageFeed/Info.plist;
				INFOPLIST_KEY_CFBundleDisplayName = "";
				INFOPLIST_KEY_LSApplicationCategoryType = "";
				INFOPLIST_KEY_UIApplicationSupportsIndirectInputEvents = YES;
				INFOPLIST_KEY_UILaunchStoryboardName = LaunchScreen;
				INFOPLIST_KEY_UIMainStoryboardFile = Main;
				INFOPLIST_KEY_UISupportedInterfaceOrientations = UIInterfaceOrientationPortrait;
				IPHONEOS_DEPLOYMENT_TARGET = 13.0;
				LD_RUNPATH_SEARCH_PATHS = (
					"$(inherited)",
					"@executable_path/Frameworks",
				);
				MARKETING_VERSION = 1.0;
				PRODUCT_BUNDLE_IDENTIFIER = ru.practicum.zebolovnik.ImageFeed;
				PRODUCT_NAME = "$(TARGET_NAME)";
				SUPPORTED_PLATFORMS = "iphoneos iphonesimulator";
				SUPPORTS_MACCATALYST = NO;
				SWIFT_EMIT_LOC_STRINGS = YES;
				SWIFT_VERSION = 5.0;
				TARGETED_DEVICE_FAMILY = 1;
			};
			name = Release;
		};
		2E9F4A092ECC9A8A00754892 /* Debug */ = {
			isa = XCBuildConfiguration;
			buildSettings = {
				BUNDLE_LOADER = "$(TEST_HOST)";
				CODE_SIGN_STYLE = Automatic;
				CURRENT_PROJECT_VERSION = 1;
				DEVELOPMENT_TEAM = BM3UM9K52D;
				GENERATE_INFOPLIST_FILE = YES;
				IPHONEOS_DEPLOYMENT_TARGET = 17.0;
				MARKETING_VERSION = 1.0;
				PRODUCT_BUNDLE_IDENTIFIER = ru.practicum.zebolovnik.ImageFeedTests;
				PRODUCT_NAME = "$(TARGET_NAME)";
				STRING_CATALOG_GENERATE_SYMBOLS = NO;
				SWIFT_APPROACHABLE_CONCURRENCY = YES;
				SWIFT_EMIT_LOC_STRINGS = NO;
				SWIFT_UPCOMING_FEATURE_MEMBER_IMPORT_VISIBILITY = YES;
				SWIFT_VERSION = 5.0;
				TARGETED_DEVICE_FAMILY = "1,2";
				TEST_HOST = "$(BUILT_PRODUCTS_DIR)/ImageFeed.app/$(BUNDLE_EXECUTABLE_FOLDER_PATH)/ImageFeed";
			};
			name = Debug;
		};
		2E9F4A0A2ECC9A8A00754892 /* Release */ = {
			isa = XCBuildConfiguration;
			buildSettings = {
				BUNDLE_LOADER = "$(TEST_HOST)";
				CODE_SIGN_STYLE = Automatic;
				CURRENT_PROJECT_VERSION = 1;
				DEVELOPMENT_TEAM = BM3UM9K52D;
				GENERATE_INFOPLIST_FILE = YES;
				IPHONEOS_DEPLOYMENT_TARGET = 17.0;
				MARKETING_VERSION = 1.0;
				PRODUCT_BUNDLE_IDENTIFIER = ru.practicum.zebolovnik.ImageFeedTests;
				PRODUCT_NAME = "$(TARGET_NAME)";
				STRING_CATALOG_GENERATE_SYMBOLS = NO;
				SWIFT_APPROACHABLE_CONCURRENCY = YES;
				SWIFT_EMIT_LOC_STRINGS = NO;
				SWIFT_UPCOMING_FEATURE_MEMBER_IMPORT_VISIBILITY = YES;
				SWIFT_VERSION = 5.0;
				TARGETED_DEVICE_FAMILY = "1,2";
				TEST_HOST = "$(BUILT_PRODUCTS_DIR)/ImageFeed.app/$(BUNDLE_EXECUTABLE_FOLDER_PATH)/ImageFeed";
			};
			name = Release;
		};
/* End XCBuildConfiguration section */

/* Begin XCConfigurationList section */
		2E4959C52ECD0548004B37E1 /* Build configuration list for PBXNativeTarget "ImageFeedUITests" */ = {
			isa = XCConfigurationList;
			buildConfigurations = (
				2E4959C32ECD0548004B37E1 /* Debug */,
				2E4959C42ECD0548004B37E1 /* Release */,
			);
			defaultConfigurationIsVisible = 0;
			defaultConfigurationName = Release;
		};
		2E4E706C2CA9163E001759B9 /* Build configuration list for PBXProject "ImageFeed" */ = {
			isa = XCConfigurationList;
			buildConfigurations = (
				2E4E70832CA9163F001759B9 /* Debug */,
				2E4E70842CA9163F001759B9 /* Release */,
			);
			defaultConfigurationIsVisible = 0;
			defaultConfigurationName = Release;
		};
		2E4E70852CA9163F001759B9 /* Build configuration list for PBXNativeTarget "ImageFeed" */ = {
			isa = XCConfigurationList;
			buildConfigurations = (
				2E4E70862CA9163F001759B9 /* Debug */,
				2E4E70872CA9163F001759B9 /* Release */,
			);
			defaultConfigurationIsVisible = 0;
			defaultConfigurationName = Release;
		};
		2E9F4A0B2ECC9A8A00754892 /* Build configuration list for PBXNativeTarget "ImageFeedTests" */ = {
			isa = XCConfigurationList;
			buildConfigurations = (
				2E9F4A092ECC9A8A00754892 /* Debug */,
				2E9F4A0A2ECC9A8A00754892 /* Release */,
			);
			defaultConfigurationIsVisible = 0;
			defaultConfigurationName = Release;
		};
/* End XCConfigurationList section */

/* Begin XCRemoteSwiftPackageReference section */
		2E8DFCF72EC81B0A00443667 /* XCRemoteSwiftPackageReference "ProgressHUD" */ = {
			isa = XCRemoteSwiftPackageReference;
			repositoryURL = "https://github.com/relatedcode/ProgressHUD";
			requirement = {
				kind = upToNextMajorVersion;
				minimumVersion = 14.1.4;
			};
		};
		2E8DFD082ECAC19900443667 /* XCRemoteSwiftPackageReference "Kingfisher" */ = {
			isa = XCRemoteSwiftPackageReference;
			repositoryURL = "https://github.com/onevcat/Kingfisher.git";
			requirement = {
				kind = upToNextMajorVersion;
				minimumVersion = 8.6.1;
			};
		};
		2E8DFD0D2ECB240E00443667 /* XCRemoteSwiftPackageReference "SwiftKeychainWrapper" */ = {
			isa = XCRemoteSwiftPackageReference;
			repositoryURL = "https://github.com/jrendel/SwiftKeychainWrapper";
			requirement = {
				kind = upToNextMajorVersion;
				minimumVersion = 4.0.1;
			};
		};
/* End XCRemoteSwiftPackageReference section */

/* Begin XCSwiftPackageProductDependency section */
		2E8DFCF82EC81B0A00443667 /* ProgressHUD */ = {
			isa = XCSwiftPackageProductDependency;
			package = 2E8DFCF72EC81B0A00443667 /* XCRemoteSwiftPackageReference "ProgressHUD" */;
			productName = ProgressHUD;
		};
		2E8DFD092ECAC19900443667 /* Kingfisher */ = {
			isa = XCSwiftPackageProductDependency;
			package = 2E8DFD082ECAC19900443667 /* XCRemoteSwiftPackageReference "Kingfisher" */;
			productName = Kingfisher;
		};
		2E8DFD0E2ECB240E00443667 /* SwiftKeychainWrapper */ = {
			isa = XCSwiftPackageProductDependency;
			package = 2E8DFD0D2ECB240E00443667 /* XCRemoteSwiftPackageReference "SwiftKeychainWrapper" */;
			productName = SwiftKeychainWrapper;
		};
/* End XCSwiftPackageProductDependency section */
	};
	rootObject = 2E4E70692CA9163E001759B9 /* Project object */;
}
